// !$*UTF8*$!
{
	archiveVersion = 1;
	classes = {
	};
	objectVersion = 56;
	objects = {

/* Begin PBXBuildFile section */
		2C249FBD2A1633C80022ADB2 /* AppDelegate.swift in Sources */ = {isa = PBXBuildFile; fileRef = 2C249FBC2A1633C80022ADB2 /* AppDelegate.swift */; };
		2C249FBF2A1633C80022ADB2 /* SceneDelegate.swift in Sources */ = {isa = PBXBuildFile; fileRef = 2C249FBE2A1633C80022ADB2 /* SceneDelegate.swift */; };
		2C249FC12A1633C80022ADB2 /* TaskListViewController.swift in Sources */ = {isa = PBXBuildFile; fileRef = 2C249FC02A1633C80022ADB2 /* TaskListViewController.swift */; };
		2C249FC72A1633C80022ADB2 /* DailyDiary.xcdatamodeld in Sources */ = {isa = PBXBuildFile; fileRef = 2C249FC52A1633C80022ADB2 /* DailyDiary.xcdatamodeld */; };
		2C249FC92A1633C80022ADB2 /* Assets.xcassets in Resources */ = {isa = PBXBuildFile; fileRef = 2C249FC82A1633C80022ADB2 /* Assets.xcassets */; };
		2C249FCC2A1633C80022ADB2 /* LaunchScreen.storyboard in Resources */ = {isa = PBXBuildFile; fileRef = 2C249FCA2A1633C80022ADB2 /* LaunchScreen.storyboard */; };
		2C249FD62A1635DD0022ADB2 /* StorageManager.swift in Sources */ = {isa = PBXBuildFile; fileRef = 2C249FD52A1635DD0022ADB2 /* StorageManager.swift */; };
/* End PBXBuildFile section */

/* Begin PBXFileReference section */
		2C249FB92A1633C80022ADB2 /* DailyDiary.app */ = {isa = PBXFileReference; explicitFileType = wrapper.application; includeInIndex = 0; path = DailyDiary.app; sourceTree = BUILT_PRODUCTS_DIR; };
		2C249FBC2A1633C80022ADB2 /* AppDelegate.swift */ = {isa = PBXFileReference; lastKnownFileType = sourcecode.swift; path = AppDelegate.swift; sourceTree = "<group>"; };
		2C249FBE2A1633C80022ADB2 /* SceneDelegate.swift */ = {isa = PBXFileReference; lastKnownFileType = sourcecode.swift; path = SceneDelegate.swift; sourceTree = "<group>"; };
		2C249FC02A1633C80022ADB2 /* TaskListViewController.swift */ = {isa = PBXFileReference; lastKnownFileType = sourcecode.swift; path = TaskListViewController.swift; sourceTree = "<group>"; };
		2C249FC62A1633C80022ADB2 /* DailyDiary.xcdatamodel */ = {isa = PBXFileReference; lastKnownFileType = wrapper.xcdatamodel; path = DailyDiary.xcdatamodel; sourceTree = "<group>"; };
		2C249FC82A1633C80022ADB2 /* Assets.xcassets */ = {isa = PBXFileReference; lastKnownFileType = folder.assetcatalog; path = Assets.xcassets; sourceTree = "<group>"; };
		2C249FCB2A1633C80022ADB2 /* Base */ = {isa = PBXFileReference; lastKnownFileType = file.storyboard; name = Base; path = Base.lproj/LaunchScreen.storyboard; sourceTree = "<group>"; };
		2C249FCD2A1633C80022ADB2 /* Info.plist */ = {isa = PBXFileReference; lastKnownFileType = text.plist.xml; path = Info.plist; sourceTree = "<group>"; };
		2C249FD52A1635DD0022ADB2 /* StorageManager.swift */ = {isa = PBXFileReference; lastKnownFileType = sourcecode.swift; path = StorageManager.swift; sourceTree = "<group>"; };
/* End PBXFileReference section */

/* Begin PBXFrameworksBuildPhase section */
		2C249FB62A1633C80022ADB2 /* Frameworks */ = {
			isa = PBXFrameworksBuildPhase;
			buildActionMask = 2147483647;
			files = (
			);
			runOnlyForDeploymentPostprocessing = 0;
		};
/* End PBXFrameworksBuildPhase section */

/* Begin PBXGroup section */
		2C249FB02A1633C80022ADB2 = {
			isa = PBXGroup;
			children = (
				2C249FBB2A1633C80022ADB2 /* DailyDiary */,
				2C249FBA2A1633C80022ADB2 /* Products */,
			);
			sourceTree = "<group>";
		};
		2C249FBA2A1633C80022ADB2 /* Products */ = {
			isa = PBXGroup;
			children = (
				2C249FB92A1633C80022ADB2 /* DailyDiary.app */,
			);
			name = Products;
			sourceTree = "<group>";
		};
		2C249FBB2A1633C80022ADB2 /* DailyDiary */ = {
			isa = PBXGroup;
			children = (
				2C249FD42A1634F30022ADB2 /* ViewControllers */,
				2C249FD72A1635E10022ADB2 /* Services */,
				2C249FD32A1634E80022ADB2 /* App */,
				2C249FD92A16367F0022ADB2 /* StoryBoards */,
				2C249FD82A1635F80022ADB2 /* Resources */,
				2C249FC52A1633C80022ADB2 /* DailyDiary.xcdatamodeld */,
			);
			path = DailyDiary;
			sourceTree = "<group>";
		};
		2C249FD32A1634E80022ADB2 /* App */ = {
			isa = PBXGroup;
			children = (
				2C249FBC2A1633C80022ADB2 /* AppDelegate.swift */,
				2C249FBE2A1633C80022ADB2 /* SceneDelegate.swift */,
				2C249FCD2A1633C80022ADB2 /* Info.plist */,
			);
			path = App;
			sourceTree = "<group>";
		};
		2C249FD42A1634F30022ADB2 /* ViewControllers */ = {
			isa = PBXGroup;
			children = (
				2C249FC02A1633C80022ADB2 /* TaskListViewController.swift */,
			);
			path = ViewControllers;
			sourceTree = "<group>";
		};
		2C249FD72A1635E10022ADB2 /* Services */ = {
			isa = PBXGroup;
			children = (
				2C249FD52A1635DD0022ADB2 /* StorageManager.swift */,
			);
			path = Services;
			sourceTree = "<group>";
		};
		2C249FD82A1635F80022ADB2 /* Resources */ = {
			isa = PBXGroup;
			children = (
				2C249FC82A1633C80022ADB2 /* Assets.xcassets */,
			);
			path = Resources;
			sourceTree = "<group>";
		};
		2C249FD92A16367F0022ADB2 /* StoryBoards */ = {
			isa = PBXGroup;
			children = (
				2C249FCA2A1633C80022ADB2 /* LaunchScreen.storyboard */,
			);
			path = StoryBoards;
			sourceTree = "<group>";
		};
/* End PBXGroup section */

/* Begin PBXNativeTarget section */
		2C249FB82A1633C80022ADB2 /* DailyDiary */ = {
			isa = PBXNativeTarget;
			buildConfigurationList = 2C249FD02A1633C80022ADB2 /* Build configuration list for PBXNativeTarget "DailyDiary" */;
			buildPhases = (
				2C249FB52A1633C80022ADB2 /* Sources */,
				2C249FB62A1633C80022ADB2 /* Frameworks */,
				2C249FB72A1633C80022ADB2 /* Resources */,
			);
			buildRules = (
			);
			dependencies = (
			);
			name = DailyDiary;
			productName = DailyDiary;
			productReference = 2C249FB92A1633C80022ADB2 /* DailyDiary.app */;
			productType = "com.apple.product-type.application";
		};
/* End PBXNativeTarget section */

/* Begin PBXProject section */
		2C249FB12A1633C80022ADB2 /* Project object */ = {
			isa = PBXProject;
			attributes = {
				BuildIndependentTargetsInParallel = 1;
				LastSwiftUpdateCheck = 1430;
				LastUpgradeCheck = 1430;
				TargetAttributes = {
					2C249FB82A1633C80022ADB2 = {
						CreatedOnToolsVersion = 14.3;
					};
				};
			};
			buildConfigurationList = 2C249FB42A1633C80022ADB2 /* Build configuration list for PBXProject "DailyDiary" */;
			compatibilityVersion = "Xcode 14.0";
			developmentRegion = en;
			hasScannedForEncodings = 0;
			knownRegions = (
				en,
				Base,
			);
			mainGroup = 2C249FB02A1633C80022ADB2;
			productRefGroup = 2C249FBA2A1633C80022ADB2 /* Products */;
			projectDirPath = "";
			projectRoot = "";
			targets = (
				2C249FB82A1633C80022ADB2 /* DailyDiary */,
			);
		};
/* End PBXProject section */

/* Begin PBXResourcesBuildPhase section */
		2C249FB72A1633C80022ADB2 /* Resources */ = {
			isa = PBXResourcesBuildPhase;
			buildActionMask = 2147483647;
			files = (
				2C249FCC2A1633C80022ADB2 /* LaunchScreen.storyboard in Resources */,
				2C249FC92A1633C80022ADB2 /* Assets.xcassets in Resources */,
			);
			runOnlyForDeploymentPostprocessing = 0;
		};
/* End PBXResourcesBuildPhase section */

/* Begin PBXSourcesBuildPhase section */
		2C249FB52A1633C80022ADB2 /* Sources */ = {
			isa = PBXSourcesBuildPhase;
			buildActionMask = 2147483647;
			files = (
				2C249FC12A1633C80022ADB2 /* TaskListViewController.swift in Sources */,
				2C249FBD2A1633C80022ADB2 /* AppDelegate.swift in Sources */,
				2C249FD62A1635DD0022ADB2 /* StorageManager.swift in Sources */,
				2C249FBF2A1633C80022ADB2 /* SceneDelegate.swift in Sources */,
				2C249FC72A1633C80022ADB2 /* DailyDiary.xcdatamodeld in Sources */,
			);
			runOnlyForDeploymentPostprocessing = 0;
		};
/* End PBXSourcesBuildPhase section */

/* Begin PBXVariantGroup section */
		2C249FCA2A1633C80022ADB2 /* LaunchScreen.storyboard */ = {
			isa = PBXVariantGroup;
			children = (
				2C249FCB2A1633C80022ADB2 /* Base */,
			);
			name = LaunchScreen.storyboard;
			sourceTree = "<group>";
		};
/* End PBXVariantGroup section */

/* Begin XCBuildConfiguration section */
		2C249FCE2A1633C80022ADB2 /* Debug */ = {
			isa = XCBuildConfiguration;
			buildSettings = {
				ALWAYS_SEARCH_USER_PATHS = NO;
				CLANG_ANALYZER_NONNULL = YES;
				CLANG_ANALYZER_NUMBER_OBJECT_CONVERSION = YES_AGGRESSIVE;
				CLANG_CXX_LANGUAGE_STANDARD = "gnu++20";
				CLANG_ENABLE_MODULES = YES;
				CLANG_ENABLE_OBJC_ARC = YES;
				CLANG_ENABLE_OBJC_WEAK = YES;
				CLANG_WARN_BLOCK_CAPTURE_AUTORELEASING = YES;
				CLANG_WARN_BOOL_CONVERSION = YES;
				CLANG_WARN_COMMA = YES;
				CLANG_WARN_CONSTANT_CONVERSION = YES;
				CLANG_WARN_DEPRECATED_OBJC_IMPLEMENTATIONS = YES;
				CLANG_WARN_DIRECT_OBJC_ISA_USAGE = YES_ERROR;
				CLANG_WARN_DOCUMENTATION_COMMENTS = YES;
				CLANG_WARN_EMPTY_BODY = YES;
				CLANG_WARN_ENUM_CONVERSION = YES;
				CLANG_WARN_INFINITE_RECURSION = YES;
				CLANG_WARN_INT_CONVERSION = YES;
				CLANG_WARN_NON_LITERAL_NULL_CONVERSION = YES;
				CLANG_WARN_OBJC_IMPLICIT_RETAIN_SELF = YES;
				CLANG_WARN_OBJC_LITERAL_CONVERSION = YES;
				CLANG_WARN_OBJC_ROOT_CLASS = YES_ERROR;
				CLANG_WARN_QUOTED_INCLUDE_IN_FRAMEWORK_HEADER = YES;
				CLANG_WARN_RANGE_LOOP_ANALYSIS = YES;
				CLANG_WARN_STRICT_PROTOTYPES = YES;
				CLANG_WARN_SUSPICIOUS_MOVE = YES;
				CLANG_WARN_UNGUARDED_AVAILABILITY = YES_AGGRESSIVE;
				CLANG_WARN_UNREACHABLE_CODE = YES;
				CLANG_WARN__DUPLICATE_METHOD_MATCH = YES;
				COPY_PHASE_STRIP = NO;
				DEBUG_INFORMATION_FORMAT = dwarf;
				ENABLE_STRICT_OBJC_MSGSEND = YES;
				ENABLE_TESTABILITY = YES;
				GCC_C_LANGUAGE_STANDARD = gnu11;
				GCC_DYNAMIC_NO_PIC = NO;
				GCC_NO_COMMON_BLOCKS = YES;
				GCC_OPTIMIZATION_LEVEL = 0;
				GCC_PREPROCESSOR_DEFINITIONS = (
					"DEBUG=1",
					"$(inherited)",
				);
				GCC_WARN_64_TO_32_BIT_CONVERSION = YES;
				GCC_WARN_ABOUT_RETURN_TYPE = YES_ERROR;
				GCC_WARN_UNDECLARED_SELECTOR = YES;
				GCC_WARN_UNINITIALIZED_AUTOS = YES_AGGRESSIVE;
				GCC_WARN_UNUSED_FUNCTION = YES;
				GCC_WARN_UNUSED_VARIABLE = YES;
				IPHONEOS_DEPLOYMENT_TARGET = 16.4;
				MTL_ENABLE_DEBUG_INFO = INCLUDE_SOURCE;
				MTL_FAST_MATH = YES;
				ONLY_ACTIVE_ARCH = YES;
				SDKROOT = iphoneos;
				SWIFT_ACTIVE_COMPILATION_CONDITIONS = DEBUG;
				SWIFT_OPTIMIZATION_LEVEL = "-Onone";
			};
			name = Debug;
		};
		2C249FCF2A1633C80022ADB2 /* Release */ = {
			isa = XCBuildConfiguration;
			buildSettings = {
				ALWAYS_SEARCH_USER_PATHS = NO;
				CLANG_ANALYZER_NONNULL = YES;
				CLANG_ANALYZER_NUMBER_OBJECT_CONVERSION = YES_AGGRESSIVE;
				CLANG_CXX_LANGUAGE_STANDARD = "gnu++20";
				CLANG_ENABLE_MODULES = YES;
				CLANG_ENABLE_OBJC_ARC = YES;
				CLANG_ENABLE_OBJC_WEAK = YES;
				CLANG_WARN_BLOCK_CAPTURE_AUTORELEASING = YES;
				CLANG_WARN_BOOL_CONVERSION = YES;
				CLANG_WARN_COMMA = YES;
				CLANG_WARN_CONSTANT_CONVERSION = YES;
				CLANG_WARN_DEPRECATED_OBJC_IMPLEMENTATIONS = YES;
				CLANG_WARN_DIRECT_OBJC_ISA_USAGE = YES_ERROR;
				CLANG_WARN_DOCUMENTATION_COMMENTS = YES;
				CLANG_WARN_EMPTY_BODY = YES;
				CLANG_WARN_ENUM_CONVERSION = YES;
				CLANG_WARN_INFINITE_RECURSION = YES;
				CLANG_WARN_INT_CONVERSION = YES;
				CLANG_WARN_NON_LITERAL_NULL_CONVERSION = YES;
				CLANG_WARN_OBJC_IMPLICIT_RETAIN_SELF = YES;
				CLANG_WARN_OBJC_LITERAL_CONVERSION = YES;
				CLANG_WARN_OBJC_ROOT_CLASS = YES_ERROR;
				CLANG_WARN_QUOTED_INCLUDE_IN_FRAMEWORK_HEADER = YES;
				CLANG_WARN_RANGE_LOOP_ANALYSIS = YES;
				CLANG_WARN_STRICT_PROTOTYPES = YES;
				CLANG_WARN_SUSPICIOUS_MOVE = YES;
				CLANG_WARN_UNGUARDED_AVAILABILITY = YES_AGGRESSIVE;
				CLANG_WARN_UNREACHABLE_CODE = YES;
				CLANG_WARN__DUPLICATE_METHOD_MATCH = YES;
				COPY_PHASE_STRIP = NO;
				DEBUG_INFORMATION_FORMAT = "dwarf-with-dsym";
				ENABLE_NS_ASSERTIONS = NO;
				ENABLE_STRICT_OBJC_MSGSEND = YES;
				GCC_C_LANGUAGE_STANDARD = gnu11;
				GCC_NO_COMMON_BLOCKS = YES;
				GCC_WARN_64_TO_32_BIT_CONVERSION = YES;
				GCC_WARN_ABOUT_RETURN_TYPE = YES_ERROR;
				GCC_WARN_UNDECLARED_SELECTOR = YES;
				GCC_WARN_UNINITIALIZED_AUTOS = YES_AGGRESSIVE;
				GCC_WARN_UNUSED_FUNCTION = YES;
				GCC_WARN_UNUSED_VARIABLE = YES;
				IPHONEOS_DEPLOYMENT_TARGET = 16.4;
				MTL_ENABLE_DEBUG_INFO = NO;
				MTL_FAST_MATH = YES;
				SDKROOT = iphoneos;
				SWIFT_COMPILATION_MODE = wholemodule;
				SWIFT_OPTIMIZATION_LEVEL = "-O";
				VALIDATE_PRODUCT = YES;
			};
			name = Release;
		};
		2C249FD12A1633C80022ADB2 /* Debug */ = {
			isa = XCBuildConfiguration;
			buildSettings = {
				ASSETCATALOG_COMPILER_APPICON_NAME = AppIcon;
				ASSETCATALOG_COMPILER_GLOBAL_ACCENT_COLOR_NAME = AccentColor;
				CODE_SIGN_STYLE = Automatic;
				CURRENT_PROJECT_VERSION = 1;
				DEVELOPMENT_TEAM = 668CVSWCB8;
				GENERATE_INFOPLIST_FILE = YES;
				INFOPLIST_FILE = DailyDiary/App/Info.plist;
				INFOPLIST_KEY_UIApplicationSupportsIndirectInputEvents = YES;
				INFOPLIST_KEY_UILaunchStoryboardName = LaunchScreen.storyboard;
				INFOPLIST_KEY_UIStatusBarStyle = UIStatusBarStyleLightContent;
				INFOPLIST_KEY_UISupportedInterfaceOrientations = UIInterfaceOrientationPortrait;
				INFOPLIST_KEY_UISupportedInterfaceOrientations_iPad = "UIInterfaceOrientationLandscapeLeft UIInterfaceOrientationLandscapeRight UIInterfaceOrientationPortrait UIInterfaceOrientationPortraitUpsideDown";
				LD_RUNPATH_SEARCH_PATHS = (
					"$(inherited)",
					"@executable_path/Frameworks",
				);
				MARKETING_VERSION = 0.1.0;
				PRODUCT_BUNDLE_IDENTIFIER = DailyDiary.ndlap.DailyDiary;
				PRODUCT_NAME = "$(TARGET_NAME)";
				SUPPORTED_PLATFORMS = "iphoneos iphonesimulator";
				SUPPORTS_MACCATALYST = NO;
				SUPPORTS_MAC_DESIGNED_FOR_IPHONE_IPAD = NO;
				SWIFT_EMIT_LOC_STRINGS = YES;
				SWIFT_VERSION = 5.0;
				TARGETED_DEVICE_FAMILY = 1;
			};
			name = Debug;
		};
		2C249FD22A1633C80022ADB2 /* Release */ = {
			isa = XCBuildConfiguration;
			buildSettings = {
				ASSETCATALOG_COMPILER_APPICON_NAME = AppIcon;
				ASSETCATALOG_COMPILER_GLOBAL_ACCENT_COLOR_NAME = AccentColor;
				CODE_SIGN_STYLE = Automatic;
				CURRENT_PROJECT_VERSION = 1;
				DEVELOPMENT_TEAM = 668CVSWCB8;
				GENERATE_INFOPLIST_FILE = YES;
				INFOPLIST_FILE = DailyDiary/App/Info.plist;
				INFOPLIST_KEY_UIApplicationSupportsIndirectInputEvents = YES;
				INFOPLIST_KEY_UILaunchStoryboardName = LaunchScreen.storyboard;
				INFOPLIST_KEY_UIStatusBarStyle = UIStatusBarStyleLightContent;
				INFOPLIST_KEY_UISupportedInterfaceOrientations = UIInterfaceOrientationPortrait;
				INFOPLIST_KEY_UISupportedInterfaceOrientations_iPad = "UIInterfaceOrientationLandscapeLeft UIInterfaceOrientationLandscapeRight UIInterfaceOrientationPortrait UIInterfaceOrientationPortraitUpsideDown";
				LD_RUNPATH_SEARCH_PATHS = (
					"$(inherited)",
					"@executable_path/Frameworks",
				);
				MARKETING_VERSION = 0.1.0;
				PRODUCT_BUNDLE_IDENTIFIER = DailyDiary.ndlap.DailyDiary;
				PRODUCT_NAME = "$(TARGET_NAME)";
				SUPPORTED_PLATFORMS = "iphoneos iphonesimulator";
				SUPPORTS_MACCATALYST = NO;
				SUPPORTS_MAC_DESIGNED_FOR_IPHONE_IPAD = NO;
				SWIFT_EMIT_LOC_STRINGS = YES;
				SWIFT_VERSION = 5.0;
				TARGETED_DEVICE_FAMILY = 1;
			};
			name = Release;
		};
/* End XCBuildConfiguration section */

/* Begin XCConfigurationList section */
		2C249FB42A1633C80022ADB2 /* Build configuration list for PBXProject "DailyDiary" */ = {
			isa = XCConfigurationList;
			buildConfigurations = (
				2C249FCE2A1633C80022ADB2 /* Debug */,
				2C249FCF2A1633C80022ADB2 /* Release */,
			);
			defaultConfigurationIsVisible = 0;
			defaultConfigurationName = Release;
		};
		2C249FD02A1633C80022ADB2 /* Build configuration list for PBXNativeTarget "DailyDiary" */ = {
			isa = XCConfigurationList;
			buildConfigurations = (
				2C249FD12A1633C80022ADB2 /* Debug */,
				2C249FD22A1633C80022ADB2 /* Release */,
			);
			defaultConfigurationIsVisible = 0;
			defaultConfigurationName = Release;
		};
/* End XCConfigurationList section */

/* Begin XCVersionGroup section */
		2C249FC52A1633C80022ADB2 /* DailyDiary.xcdatamodeld */ = {
			isa = XCVersionGroup;
			children = (
				2C249FC62A1633C80022ADB2 /* DailyDiary.xcdatamodel */,
			);
			currentVersion = 2C249FC62A1633C80022ADB2 /* DailyDiary.xcdatamodel */;
			path = DailyDiary.xcdatamodeld;
			sourceTree = "<group>";
			versionGroupType = wrapper.xcdatamodel;
		};
/* End XCVersionGroup section */
	};
	rootObject = 2C249FB12A1633C80022ADB2 /* Project object */;
}
